{
  "name": "@webio/jupyter-lab-provider",
  "version": "0.0.2",
  "lockfileVersion": 1,
  "requires": true,
  "dependencies": {
    "typescript": {
      "version": "3.3.1",
      "resolved": "https://registry.npmjs.org/typescript/-/typescript-3.3.1.tgz",
      "integrity": "sha512-cTmIDFW7O0IHbn1DPYjkiebHxwtCMU+eTy30ZtJNBPF9j2O1ITu5XH2YnBeVRKWHqF+3JQwWJv0Q0aUgX8W7IA==",
      "dev": true
    }
  }
}
